// !$*UTF8*$!
{
	archiveVersion = 1;
	classes = {
	};
	objectVersion = 46;
	objects = {

/* Begin PBXBuildFile section */
		2E8DCD0C1F5EA15300C9B39F /* NBBatchReqest.m in Sources */ = {isa = PBXBuildFile; fileRef = 2E8DCCFD1F5EA15300C9B39F /* NBBatchReqest.m */; };
		2E8DCD0D1F5EA15300C9B39F /* NBNetworkAgent.m in Sources */ = {isa = PBXBuildFile; fileRef = 2E8DCD011F5EA15300C9B39F /* NBNetworkAgent.m */; };
		2E8DCD0E1F5EA15300C9B39F /* NBNetworkConfig.m in Sources */ = {isa = PBXBuildFile; fileRef = 2E8DCD031F5EA15300C9B39F /* NBNetworkConfig.m */; };
		2E8DCD0F1F5EA15300C9B39F /* NBBaseRequest.m in Sources */ = {isa = PBXBuildFile; fileRef = 2E8DCD061F5EA15300C9B39F /* NBBaseRequest.m */; };
		2E8DCD101F5EA15300C9B39F /* NBCDRequest.m in Sources */ = {isa = PBXBuildFile; fileRef = 2E8DCD081F5EA15300C9B39F /* NBCDRequest.m */; };
		2E8DCD111F5EA15300C9B39F /* NBRequest.m in Sources */ = {isa = PBXBuildFile; fileRef = 2E8DCD0A1F5EA15300C9B39F /* NBRequest.m */; };
		2E8DCD141F5F8FFE00C9B39F /* ExamplesVC.m in Sources */ = {isa = PBXBuildFile; fileRef = 2E8DCD131F5F8FFE00C9B39F /* ExamplesVC.m */; };
		2E8DCD171F5F93A100C9B39F /* RespHandler.m in Sources */ = {isa = PBXBuildFile; fileRef = 2E8DCD161F5F93A100C9B39F /* RespHandler.m */; };
		2EBE46221F0E22A50058BEC8 /* main.m in Sources */ = {isa = PBXBuildFile; fileRef = 2EBE46211F0E22A50058BEC8 /* main.m */; };
		2EBE46251F0E22A50058BEC8 /* AppDelegate.m in Sources */ = {isa = PBXBuildFile; fileRef = 2EBE46241F0E22A50058BEC8 /* AppDelegate.m */; };
		2EBE46281F0E22A50058BEC8 /* ViewController.m in Sources */ = {isa = PBXBuildFile; fileRef = 2EBE46271F0E22A50058BEC8 /* ViewController.m */; };
		2EBE462B1F0E22A50058BEC8 /* Main.storyboard in Resources */ = {isa = PBXBuildFile; fileRef = 2EBE46291F0E22A50058BEC8 /* Main.storyboard */; };
		2EBE462D1F0E22A50058BEC8 /* Assets.xcassets in Resources */ = {isa = PBXBuildFile; fileRef = 2EBE462C1F0E22A50058BEC8 /* Assets.xcassets */; };
		2EBE46301F0E22A50058BEC8 /* LaunchScreen.storyboard in Resources */ = {isa = PBXBuildFile; fileRef = 2EBE462E1F0E22A50058BEC8 /* LaunchScreen.storyboard */; };
		6C036288EC920A1599256EF9 /* libPods-HTTP.a in Frameworks */ = {isa = PBXBuildFile; fileRef = 4C37EE6C59FEE055CDD063E0 /* libPods-HTTP.a */; };
/* End PBXBuildFile section */

/* Begin PBXFileReference section */
		2BFBC907D321394666C322F6 /* Pods-HTTP.release.xcconfig */ = {isa = PBXFileReference; includeInIndex = 1; lastKnownFileType = text.xcconfig; name = "Pods-HTTP.release.xcconfig"; path = "Pods/Target Support Files/Pods-HTTP/Pods-HTTP.release.xcconfig"; sourceTree = "<group>"; };
		2E8DCCFC1F5EA15300C9B39F /* NBBatchReqest.h */ = {isa = PBXFileReference; fileEncoding = 4; lastKnownFileType = sourcecode.c.h; path = NBBatchReqest.h; sourceTree = "<group>"; };
		2E8DCCFD1F5EA15300C9B39F /* NBBatchReqest.m */ = {isa = PBXFileReference; fileEncoding = 4; lastKnownFileType = sourcecode.c.objc; path = NBBatchReqest.m; sourceTree = "<group>"; };
		2E8DCCFF1F5EA15300C9B39F /* NBNetwork.h */ = {isa = PBXFileReference; fileEncoding = 4; lastKnownFileType = sourcecode.c.h; path = NBNetwork.h; sourceTree = "<group>"; };
		2E8DCD001F5EA15300C9B39F /* NBNetworkAgent.h */ = {isa = PBXFileReference; fileEncoding = 4; lastKnownFileType = sourcecode.c.h; path = NBNetworkAgent.h; sourceTree = "<group>"; };
		2E8DCD011F5EA15300C9B39F /* NBNetworkAgent.m */ = {isa = PBXFileReference; fileEncoding = 4; lastKnownFileType = sourcecode.c.objc; path = NBNetworkAgent.m; sourceTree = "<group>"; };
		2E8DCD021F5EA15300C9B39F /* NBNetworkConfig.h */ = {isa = PBXFileReference; fileEncoding = 4; lastKnownFileType = sourcecode.c.h; path = NBNetworkConfig.h; sourceTree = "<group>"; };
		2E8DCD031F5EA15300C9B39F /* NBNetworkConfig.m */ = {isa = PBXFileReference; fileEncoding = 4; lastKnownFileType = sourcecode.c.objc; path = NBNetworkConfig.m; sourceTree = "<group>"; };
		2E8DCD051F5EA15300C9B39F /* NBBaseRequest.h */ = {isa = PBXFileReference; fileEncoding = 4; lastKnownFileType = sourcecode.c.h; path = NBBaseRequest.h; sourceTree = "<group>"; };
		2E8DCD061F5EA15300C9B39F /* NBBaseRequest.m */ = {isa = PBXFileReference; fileEncoding = 4; lastKnownFileType = sourcecode.c.objc; path = NBBaseRequest.m; sourceTree = "<group>"; };
		2E8DCD071F5EA15300C9B39F /* NBCDRequest.h */ = {isa = PBXFileReference; fileEncoding = 4; lastKnownFileType = sourcecode.c.h; path = NBCDRequest.h; sourceTree = "<group>"; };
		2E8DCD081F5EA15300C9B39F /* NBCDRequest.m */ = {isa = PBXFileReference; fileEncoding = 4; lastKnownFileType = sourcecode.c.objc; path = NBCDRequest.m; sourceTree = "<group>"; };
		2E8DCD091F5EA15300C9B39F /* NBRequest.h */ = {isa = PBXFileReference; fileEncoding = 4; lastKnownFileType = sourcecode.c.h; path = NBRequest.h; sourceTree = "<group>"; };
		2E8DCD0A1F5EA15300C9B39F /* NBRequest.m */ = {isa = PBXFileReference; fileEncoding = 4; lastKnownFileType = sourcecode.c.objc; path = NBRequest.m; sourceTree = "<group>"; };
		2E8DCD121F5F8FFE00C9B39F /* ExamplesVC.h */ = {isa = PBXFileReference; fileEncoding = 4; lastKnownFileType = sourcecode.c.h; path = ExamplesVC.h; sourceTree = "<group>"; };
		2E8DCD131F5F8FFE00C9B39F /* ExamplesVC.m */ = {isa = PBXFileReference; fileEncoding = 4; lastKnownFileType = sourcecode.c.objc; path = ExamplesVC.m; sourceTree = "<group>"; };
		2E8DCD151F5F93A100C9B39F /* RespHandler.h */ = {isa = PBXFileReference; fileEncoding = 4; lastKnownFileType = sourcecode.c.h; path = RespHandler.h; sourceTree = "<group>"; };
		2E8DCD161F5F93A100C9B39F /* RespHandler.m */ = {isa = PBXFileReference; fileEncoding = 4; lastKnownFileType = sourcecode.c.objc; path = RespHandler.m; sourceTree = "<group>"; };
		2EBE461D1F0E22A50058BEC8 /* HTTP.app */ = {isa = PBXFileReference; explicitFileType = wrapper.application; includeInIndex = 0; path = HTTP.app; sourceTree = BUILT_PRODUCTS_DIR; };
		2EBE46211F0E22A50058BEC8 /* main.m */ = {isa = PBXFileReference; lastKnownFileType = sourcecode.c.objc; path = main.m; sourceTree = "<group>"; };
		2EBE46231F0E22A50058BEC8 /* AppDelegate.h */ = {isa = PBXFileReference; lastKnownFileType = sourcecode.c.h; path = AppDelegate.h; sourceTree = "<group>"; };
		2EBE46241F0E22A50058BEC8 /* AppDelegate.m */ = {isa = PBXFileReference; lastKnownFileType = sourcecode.c.objc; path = AppDelegate.m; sourceTree = "<group>"; };
		2EBE46261F0E22A50058BEC8 /* ViewController.h */ = {isa = PBXFileReference; lastKnownFileType = sourcecode.c.h; path = ViewController.h; sourceTree = "<group>"; };
		2EBE46271F0E22A50058BEC8 /* ViewController.m */ = {isa = PBXFileReference; lastKnownFileType = sourcecode.c.objc; path = ViewController.m; sourceTree = "<group>"; };
		2EBE462A1F0E22A50058BEC8 /* Base */ = {isa = PBXFileReference; lastKnownFileType = file.storyboard; name = Base; path = Base.lproj/Main.storyboard; sourceTree = "<group>"; };
		2EBE462C1F0E22A50058BEC8 /* Assets.xcassets */ = {isa = PBXFileReference; lastKnownFileType = folder.assetcatalog; path = Assets.xcassets; sourceTree = "<group>"; };
		2EBE462F1F0E22A50058BEC8 /* Base */ = {isa = PBXFileReference; lastKnownFileType = file.storyboard; name = Base; path = Base.lproj/LaunchScreen.storyboard; sourceTree = "<group>"; };
		2EBE46311F0E22A50058BEC8 /* Info.plist */ = {isa = PBXFileReference; lastKnownFileType = text.plist.xml; path = Info.plist; sourceTree = "<group>"; };
		4C37EE6C59FEE055CDD063E0 /* libPods-HTTP.a */ = {isa = PBXFileReference; explicitFileType = archive.ar; includeInIndex = 0; path = "libPods-HTTP.a"; sourceTree = BUILT_PRODUCTS_DIR; };
		E5B233F564261D8C0AE9A3E9 /* Pods-HTTP.debug.xcconfig */ = {isa = PBXFileReference; includeInIndex = 1; lastKnownFileType = text.xcconfig; name = "Pods-HTTP.debug.xcconfig"; path = "Pods/Target Support Files/Pods-HTTP/Pods-HTTP.debug.xcconfig"; sourceTree = "<group>"; };
/* End PBXFileReference section */

/* Begin PBXFrameworksBuildPhase section */
		2EBE461A1F0E22A50058BEC8 /* Frameworks */ = {
			isa = PBXFrameworksBuildPhase;
			buildActionMask = 2147483647;
			files = (
				6C036288EC920A1599256EF9 /* libPods-HTTP.a in Frameworks */,
			);
			runOnlyForDeploymentPostprocessing = 0;
		};
/* End PBXFrameworksBuildPhase section */

/* Begin PBXGroup section */
		076CC7B3D95853531C328C49 /* Frameworks */ = {
			isa = PBXGroup;
			children = (
				4C37EE6C59FEE055CDD063E0 /* libPods-HTTP.a */,
			);
			name = Frameworks;
			sourceTree = "<group>";
		};
		2E8DCCF91F5EA15300C9B39F /* NBHTTP */ = {
			isa = PBXGroup;
			children = (
				2E8DCCFA1F5EA15300C9B39F /* AFNetworking */,
				2E8DCCFB1F5EA15300C9B39F /* BatchReq */,
				2E8DCCFE1F5EA15300C9B39F /* filter */,
				2E8DCCFF1F5EA15300C9B39F /* NBNetwork.h */,
				2E8DCD001F5EA15300C9B39F /* NBNetworkAgent.h */,
				2E8DCD011F5EA15300C9B39F /* NBNetworkAgent.m */,
				2E8DCD021F5EA15300C9B39F /* NBNetworkConfig.h */,
				2E8DCD031F5EA15300C9B39F /* NBNetworkConfig.m */,
				2E8DCD041F5EA15300C9B39F /* Req */,
				2E8DCD0B1F5EA15300C9B39F /* RespHandler */,
			);
			path = NBHTTP;
			sourceTree = "<group>";
		};
		2E8DCCFA1F5EA15300C9B39F /* AFNetworking */ = {
			isa = PBXGroup;
			children = (
			);
			path = AFNetworking;
			sourceTree = "<group>";
		};
		2E8DCCFB1F5EA15300C9B39F /* BatchReq */ = {
			isa = PBXGroup;
			children = (
				2E8DCCFC1F5EA15300C9B39F /* NBBatchReqest.h */,
				2E8DCCFD1F5EA15300C9B39F /* NBBatchReqest.m */,
			);
			path = BatchReq;
			sourceTree = "<group>";
		};
		2E8DCCFE1F5EA15300C9B39F /* filter */ = {
			isa = PBXGroup;
			children = (
			);
			path = filter;
			sourceTree = "<group>";
		};
		2E8DCD041F5EA15300C9B39F /* Req */ = {
			isa = PBXGroup;
			children = (
				2E8DCD051F5EA15300C9B39F /* NBBaseRequest.h */,
				2E8DCD061F5EA15300C9B39F /* NBBaseRequest.m */,
				2E8DCD071F5EA15300C9B39F /* NBCDRequest.h */,
				2E8DCD081F5EA15300C9B39F /* NBCDRequest.m */,
				2E8DCD091F5EA15300C9B39F /* NBRequest.h */,
				2E8DCD0A1F5EA15300C9B39F /* NBRequest.m */,
			);
			path = Req;
			sourceTree = "<group>";
		};
		2E8DCD0B1F5EA15300C9B39F /* RespHandler */ = {
			isa = PBXGroup;
			children = (
			);
			path = RespHandler;
			sourceTree = "<group>";
		};
		2EBE46141F0E22A50058BEC8 = {
			isa = PBXGroup;
			children = (
				2EBE461F1F0E22A50058BEC8 /* HTTP */,
				2EBE461E1F0E22A50058BEC8 /* Products */,
				F4D098235C0C9C6D8E8B5CEF /* Pods */,
				076CC7B3D95853531C328C49 /* Frameworks */,
			);
			sourceTree = "<group>";
		};
		2EBE461E1F0E22A50058BEC8 /* Products */ = {
			isa = PBXGroup;
			children = (
				2EBE461D1F0E22A50058BEC8 /* HTTP.app */,
			);
			name = Products;
			sourceTree = "<group>";
		};
		2EBE461F1F0E22A50058BEC8 /* HTTP */ = {
			isa = PBXGroup;
			children = (
				2E8DCCF91F5EA15300C9B39F /* NBHTTP */,
				2EBE46231F0E22A50058BEC8 /* AppDelegate.h */,
				2EBE46241F0E22A50058BEC8 /* AppDelegate.m */,
				2EBE46261F0E22A50058BEC8 /* ViewController.h */,
				2EBE46271F0E22A50058BEC8 /* ViewController.m */,
				2E8DCD121F5F8FFE00C9B39F /* ExamplesVC.h */,
				2E8DCD131F5F8FFE00C9B39F /* ExamplesVC.m */,
				2E8DCD151F5F93A100C9B39F /* RespHandler.h */,
				2E8DCD161F5F93A100C9B39F /* RespHandler.m */,
				2EBE46291F0E22A50058BEC8 /* Main.storyboard */,
				2EBE462C1F0E22A50058BEC8 /* Assets.xcassets */,
				2EBE462E1F0E22A50058BEC8 /* LaunchScreen.storyboard */,
				2EBE46311F0E22A50058BEC8 /* Info.plist */,
				2EBE46201F0E22A50058BEC8 /* Supporting Files */,
			);
			path = HTTP;
			sourceTree = "<group>";
		};
		2EBE46201F0E22A50058BEC8 /* Supporting Files */ = {
			isa = PBXGroup;
			children = (
				2EBE46211F0E22A50058BEC8 /* main.m */,
			);
			name = "Supporting Files";
			sourceTree = "<group>";
		};
		F4D098235C0C9C6D8E8B5CEF /* Pods */ = {
			isa = PBXGroup;
			children = (
				E5B233F564261D8C0AE9A3E9 /* Pods-HTTP.debug.xcconfig */,
				2BFBC907D321394666C322F6 /* Pods-HTTP.release.xcconfig */,
			);
			name = Pods;
			sourceTree = "<group>";
		};
/* End PBXGroup section */

/* Begin PBXNativeTarget section */
		2EBE461C1F0E22A50058BEC8 /* HTTP */ = {
			isa = PBXNativeTarget;
			buildConfigurationList = 2EBE46341F0E22A50058BEC8 /* Build configuration list for PBXNativeTarget "HTTP" */;
			buildPhases = (
				920802803F525CD0716BA759 /* [CP] Check Pods Manifest.lock */,
				2EBE46191F0E22A50058BEC8 /* Sources */,
				2EBE461A1F0E22A50058BEC8 /* Frameworks */,
				2EBE461B1F0E22A50058BEC8 /* Resources */,
				BC12A8DAF2A8B4B10A4095C7 /* [CP] Embed Pods Frameworks */,
				1862E7DA68147B6F3CF238BF /* [CP] Copy Pods Resources */,
			);
			buildRules = (
			);
			dependencies = (
			);
			name = HTTP;
			productName = HTTP;
			productReference = 2EBE461D1F0E22A50058BEC8 /* HTTP.app */;
			productType = "com.apple.product-type.application";
		};
/* End PBXNativeTarget section */

/* Begin PBXProject section */
		2EBE46151F0E22A50058BEC8 /* Project object */ = {
			isa = PBXProject;
			attributes = {
				LastUpgradeCheck = 0830;
				ORGANIZATIONNAME = " tianlei";
				TargetAttributes = {
					2EBE461C1F0E22A50058BEC8 = {
						CreatedOnToolsVersion = 8.3.3;
						DevelopmentTeam = 7K7EFNFZWL;
						ProvisioningStyle = Automatic;
					};
				};
			};
			buildConfigurationList = 2EBE46181F0E22A50058BEC8 /* Build configuration list for PBXProject "HTTP" */;
			compatibilityVersion = "Xcode 3.2";
			developmentRegion = English;
			hasScannedForEncodings = 0;
			knownRegions = (
				en,
				Base,
			);
			mainGroup = 2EBE46141F0E22A50058BEC8;
			productRefGroup = 2EBE461E1F0E22A50058BEC8 /* Products */;
			projectDirPath = "";
			projectRoot = "";
			targets = (
				2EBE461C1F0E22A50058BEC8 /* HTTP */,
			);
		};
/* End PBXProject section */

/* Begin PBXResourcesBuildPhase section */
		2EBE461B1F0E22A50058BEC8 /* Resources */ = {
			isa = PBXResourcesBuildPhase;
			buildActionMask = 2147483647;
			files = (
				2EBE46301F0E22A50058BEC8 /* LaunchScreen.storyboard in Resources */,
				2EBE462D1F0E22A50058BEC8 /* Assets.xcassets in Resources */,
				2EBE462B1F0E22A50058BEC8 /* Main.storyboard in Resources */,
			);
			runOnlyForDeploymentPostprocessing = 0;
		};
/* End PBXResourcesBuildPhase section */

/* Begin PBXShellScriptBuildPhase section */
		1862E7DA68147B6F3CF238BF /* [CP] Copy Pods Resources */ = {
			isa = PBXShellScriptBuildPhase;
			buildActionMask = 2147483647;
			files = (
			);
			inputPaths = (
			);
			name = "[CP] Copy Pods Resources";
			outputPaths = (
			);
			runOnlyForDeploymentPostprocessing = 0;
			shellPath = /bin/sh;
			shellScript = "\"${SRCROOT}/Pods/Target Support Files/Pods-HTTP/Pods-HTTP-resources.sh\"\n";
			showEnvVarsInLog = 0;
		};
		920802803F525CD0716BA759 /* [CP] Check Pods Manifest.lock */ = {
			isa = PBXShellScriptBuildPhase;
			buildActionMask = 2147483647;
			files = (
			);
			inputPaths = (
			);
			name = "[CP] Check Pods Manifest.lock";
			outputPaths = (
			);
			runOnlyForDeploymentPostprocessing = 0;
			shellPath = /bin/sh;
			shellScript = "diff \"${PODS_PODFILE_DIR_PATH}/Podfile.lock\" \"${PODS_ROOT}/Manifest.lock\" > /dev/null\nif [ $? != 0 ] ; then\n    # print error to STDERR\n    echo \"error: The sandbox is not in sync with the Podfile.lock. Run 'pod install' or update your CocoaPods installation.\" >&2\n    exit 1\nfi\n";
			showEnvVarsInLog = 0;
		};
		BC12A8DAF2A8B4B10A4095C7 /* [CP] Embed Pods Frameworks */ = {
			isa = PBXShellScriptBuildPhase;
			buildActionMask = 2147483647;
			files = (
			);
			inputPaths = (
			);
			name = "[CP] Embed Pods Frameworks";
			outputPaths = (
			);
			runOnlyForDeploymentPostprocessing = 0;
			shellPath = /bin/sh;
			shellScript = "\"${SRCROOT}/Pods/Target Support Files/Pods-HTTP/Pods-HTTP-frameworks.sh\"\n";
			showEnvVarsInLog = 0;
		};
/* End PBXShellScriptBuildPhase section */

/* Begin PBXSourcesBuildPhase section */
		2EBE46191F0E22A50058BEC8 /* Sources */ = {
			isa = PBXSourcesBuildPhase;
			buildActionMask = 2147483647;
			files = (
				2E8DCD0E1F5EA15300C9B39F /* NBNetworkConfig.m in Sources */,
				2EBE46281F0E22A50058BEC8 /* ViewController.m in Sources */,
				2EBE46251F0E22A50058BEC8 /* AppDelegate.m in Sources */,
				2E8DCD0D1F5EA15300C9B39F /* NBNetworkAgent.m in Sources */,
				2EBE46221F0E22A50058BEC8 /* main.m in Sources */,
				2E8DCD111F5EA15300C9B39F /* NBRequest.m in Sources */,
				2E8DCD141F5F8FFE00C9B39F /* ExamplesVC.m in Sources */,
				2E8DCD171F5F93A100C9B39F /* RespHandler.m in Sources */,
				2E8DCD101F5EA15300C9B39F /* NBCDRequest.m in Sources */,
				2E8DCD0F1F5EA15300C9B39F /* NBBaseRequest.m in Sources */,
				2E8DCD0C1F5EA15300C9B39F /* NBBatchReqest.m in Sources */,
			);
			runOnlyForDeploymentPostprocessing = 0;
		};
/* End PBXSourcesBuildPhase section */

/* Begin PBXVariantGroup section */
		2EBE46291F0E22A50058BEC8 /* Main.storyboard */ = {
			isa = PBXVariantGroup;
			children = (
				2EBE462A1F0E22A50058BEC8 /* Base */,
			);
			name = Main.storyboard;
			sourceTree = "<group>";
		};
		2EBE462E1F0E22A50058BEC8 /* LaunchScreen.storyboard */ = {
			isa = PBXVariantGroup;
			children = (
				2EBE462F1F0E22A50058BEC8 /* Base */,
			);
			name = LaunchScreen.storyboard;
			sourceTree = "<group>";
		};
/* End PBXVariantGroup section */

/* Begin XCBuildConfiguration section */
		2EBE46321F0E22A50058BEC8 /* Debug */ = {
			isa = XCBuildConfiguration;
			buildSettings = {
				ALWAYS_SEARCH_USER_PATHS = NO;
				CLANG_ANALYZER_NONNULL = YES;
				CLANG_ANALYZER_NUMBER_OBJECT_CONVERSION = YES_AGGRESSIVE;
				CLANG_CXX_LANGUAGE_STANDARD = "gnu++0x";
				CLANG_CXX_LIBRARY = "libc++";
				CLANG_ENABLE_MODULES = YES;
				CLANG_ENABLE_OBJC_ARC = YES;
				CLANG_WARN_BOOL_CONVERSION = YES;
				CLANG_WARN_CONSTANT_CONVERSION = YES;
				CLANG_WARN_DIRECT_OBJC_ISA_USAGE = YES_ERROR;
				CLANG_WARN_DOCUMENTATION_COMMENTS = YES;
				CLANG_WARN_EMPTY_BODY = YES;
				CLANG_WARN_ENUM_CONVERSION = YES;
				CLANG_WARN_INFINITE_RECURSION = YES;
				CLANG_WARN_INT_CONVERSION = YES;
				CLANG_WARN_OBJC_ROOT_CLASS = YES_ERROR;
				CLANG_WARN_SUSPICIOUS_MOVE = YES;
				CLANG_WARN_UNREACHABLE_CODE = YES;
				CLANG_WARN__DUPLICATE_METHOD_MATCH = YES;
				"CODE_SIGN_IDENTITY[sdk=iphoneos*]" = "iPhone Developer";
				COPY_PHASE_STRIP = NO;
				DEBUG_INFORMATION_FORMAT = dwarf;
				ENABLE_STRICT_OBJC_MSGSEND = YES;
				ENABLE_TESTABILITY = YES;
				GCC_C_LANGUAGE_STANDARD = gnu99;
				GCC_DYNAMIC_NO_PIC = NO;
				GCC_NO_COMMON_BLOCKS = YES;
				GCC_OPTIMIZATION_LEVEL = 0;
				GCC_PREPROCESSOR_DEFINITIONS = (
					"DEBUG=1",
					"$(inherited)",
				);
				GCC_WARN_64_TO_32_BIT_CONVERSION = YES;
				GCC_WARN_ABOUT_RETURN_TYPE = YES_ERROR;
				GCC_WARN_UNDECLARED_SELECTOR = YES;
				GCC_WARN_UNINITIALIZED_AUTOS = YES_AGGRESSIVE;
				GCC_WARN_UNUSED_FUNCTION = YES;
				GCC_WARN_UNUSED_VARIABLE = YES;
				IPHONEOS_DEPLOYMENT_TARGET = 10.3;
				MTL_ENABLE_DEBUG_INFO = YES;
				ONLY_ACTIVE_ARCH = YES;
				SDKROOT = iphoneos;
			};
			name = Debug;
		};
		2EBE46331F0E22A50058BEC8 /* Release */ = {
			isa = XCBuildConfiguration;
			buildSettings = {
				ALWAYS_SEARCH_USER_PATHS = NO;
				CLANG_ANALYZER_NONNULL = YES;
				CLANG_ANALYZER_NUMBER_OBJECT_CONVERSION = YES_AGGRESSIVE;
				CLANG_CXX_LANGUAGE_STANDARD = "gnu++0x";
				CLANG_CXX_LIBRARY = "libc++";
				CLANG_ENABLE_MODULES = YES;
				CLANG_ENABLE_OBJC_ARC = YES;
				CLANG_WARN_BOOL_CONVERSION = YES;
				CLANG_WARN_CONSTANT_CONVERSION = YES;
				CLANG_WARN_DIRECT_OBJC_ISA_USAGE = YES_ERROR;
				CLANG_WARN_DOCUMENTATION_COMMENTS = YES;
				CLANG_WARN_EMPTY_BODY = YES;
				CLANG_WARN_ENUM_CONVERSION = YES;
				CLANG_WARN_INFINITE_RECURSION = YES;
				CLANG_WARN_INT_CONVERSION = YES;
				CLANG_WARN_OBJC_ROOT_CLASS = YES_ERROR;
				CLANG_WARN_SUSPICIOUS_MOVE = YES;
				CLANG_WARN_UNREACHABLE_CODE = YES;
				CLANG_WARN__DUPLICATE_METHOD_MATCH = YES;
				"CODE_SIGN_IDENTITY[sdk=iphoneos*]" = "iPhone Developer";
				COPY_PHASE_STRIP = NO;
				DEBUG_INFORMATION_FORMAT = "dwarf-with-dsym";
				ENABLE_NS_ASSERTIONS = NO;
				ENABLE_STRICT_OBJC_MSGSEND = YES;
				GCC_C_LANGUAGE_STANDARD = gnu99;
				GCC_NO_COMMON_BLOCKS = YES;
				GCC_WARN_64_TO_32_BIT_CONVERSION = YES;
				GCC_WARN_ABOUT_RETURN_TYPE = YES_ERROR;
				GCC_WARN_UNDECLARED_SELECTOR = YES;
				GCC_WARN_UNINITIALIZED_AUTOS = YES_AGGRESSIVE;
				GCC_WARN_UNUSED_FUNCTION = YES;
				GCC_WARN_UNUSED_VARIABLE = YES;
				IPHONEOS_DEPLOYMENT_TARGET = 10.3;
				MTL_ENABLE_DEBUG_INFO = NO;
				SDKROOT = iphoneos;
				VALIDATE_PRODUCT = YES;
			};
			name = Release;
		};
		2EBE46351F0E22A50058BEC8 /* Debug */ = {
			isa = XCBuildConfiguration;
			baseConfigurationReference = E5B233F564261D8C0AE9A3E9 /* Pods-HTTP.debug.xcconfig */;
			buildSettings = {
				ASSETCATALOG_COMPILER_APPICON_NAME = AppIcon;
				DEVELOPMENT_TEAM = 7K7EFNFZWL;
				INFOPLIST_FILE = HTTP/Info.plist;
				LD_RUNPATH_SEARCH_PATHS = "$(inherited) @executable_path/Frameworks";
				PRODUCT_BUNDLE_IDENTIFIER = tian.HTTP;
				PRODUCT_NAME = "$(TARGET_NAME)";
			};
			name = Debug;
		};
		2EBE46361F0E22A50058BEC8 /* Release */ = {
			isa = XCBuildConfiguration;
			baseConfigurationReference = 2BFBC907D321394666C322F6 /* Pods-HTTP.release.xcconfig */;
			buildSettings = {
				ASSETCATALOG_COMPILER_APPICON_NAME = AppIcon;
				DEVELOPMENT_TEAM = 7K7EFNFZWL;
				INFOPLIST_FILE = HTTP/Info.plist;
				LD_RUNPATH_SEARCH_PATHS = "$(inherited) @executable_path/Frameworks";
				PRODUCT_BUNDLE_IDENTIFIER = tian.HTTP;
				PRODUCT_NAME = "$(TARGET_NAME)";
			};
			name = Release;
		};
/* End XCBuildConfiguration section */

/* Begin XCConfigurationList section */
		2EBE46181F0E22A50058BEC8 /* Build configuration list for PBXProject "HTTP" */ = {
			isa = XCConfigurationList;
			buildConfigurations = (
				2EBE46321F0E22A50058BEC8 /* Debug */,
				2EBE46331F0E22A50058BEC8 /* Release */,
			);
			defaultConfigurationIsVisible = 0;
			defaultConfigurationName = Release;
		};
		2EBE46341F0E22A50058BEC8 /* Build configuration list for PBXNativeTarget "HTTP" */ = {
			isa = XCConfigurationList;
			buildConfigurations = (
				2EBE46351F0E22A50058BEC8 /* Debug */,
				2EBE46361F0E22A50058BEC8 /* Release */,
			);
			defaultConfigurationIsVisible = 0;
			defaultConfigurationName = Release;
		};
/* End XCConfigurationList section */
	};
	rootObject = 2EBE46151F0E22A50058BEC8 /* Project object */;
}
