PODS:
  - AFNetworking (3.1.0):
    - AFNetworking/NSURLSession (= 3.1.0)
    - AFNetworking/Reachability (= 3.1.0)
    - AFNetworking/Security (= 3.1.0)
    - AFNetworking/Serialization (= 3.1.0)
    - AFNetworking/UIKit (= 3.1.0)
  - AFNetworking/NSURLSession (3.1.0):
    - AFNetworking/Reachability
    - AFNetworking/Security
    - AFNetworking/Serialization
  - AFNetworking/Reachability (3.1.0)
  - AFNetworking/Security (3.1.0)
  - AFNetworking/Serialization (3.1.0)
  - AFNetworking/UIKit (3.1.0):
    - AFNetworking/NSURLSession
  - NBHTTP (3.0.0):
    - AFNetworking (= 3.1.0)

DEPENDENCIES:
  - NBHTTP (from `../NBHTTP.podspec`)

EXTERNAL SOURCES:
  NBHTTP:
    :podspec: "../NBHTTP.podspec"

CHECKOUT OPTIONS:
  NBHTTP:
    :commit: 303d2eb5466098fe5dffbd201156e90eb6eeac27
    :git: "/Users/tianlei/Desktop/NBHTTP/"

SPEC CHECKSUMS:
  AFNetworking: 5e0e199f73d8626b11e79750991f5d173d1f8b67
  NBHTTP: 3010e13c151dcef1cf77fddc1a0be5c8dc8a29d7

PODFILE CHECKSUM: f7fdda6147ecc5b5f6026725685bd4c902bf1ed6

COCOAPODS: 1.2.1
